
Microsoft Visual Studio Solution File, Format Version 12.00
# Visual Studio Version 17
VisualStudioVersion = 17.13.35818.85 d17.13
MinimumVisualStudioVersion = 10.0.40219.1
Project("{FAE04EC0-301F-11D3-BF4B-00C04F79EFBC}") = "Fretworks", "Fretworks\Fretworks.csproj", "{2B0D0F7C-A6C7-4325-A58B-26A1D4607F61}"
EndProject
Global
	GlobalSection(SolutionConfigurationPlatforms) = preSolution
		Debug|Any CPU = Debug|Any CPU
		Release|Any CPU = Release|Any CPU
	EndGlobalSection
	GlobalSection(ProjectConfigurationPlatforms) = postSolution
		{2B0D0F7C-A6C7-4325-A58B-26A1D4607F61}.Debug|Any CPU.ActiveCfg = Debug|Any CPU
		{2B0D0F7C-A6C7-4325-A58B-26A1D4607F61}.Debug|Any CPU.Build.0 = Debug|Any CPU
		{2B0D0F7C-A6C7-4325-A58B-26A1D4607F61}.Release|Any CPU.ActiveCfg = Release|Any CPU
		{2B0D0F7C-A6C7-4325-A58B-26A1D4607F61}.Release|Any CPU.Build.0 = Release|Any CPU
	EndGlobalSection
	GlobalSection(SolutionProperties) = preSolution
		HideSolutionNode = FALSE
	EndGlobalSection
	GlobalSection(ExtensibilityGlobals) = postSolution
		SolutionGuid = {7D1D82A1-EC04-4F08-A80D-60846B80BA30}
	EndGlobalSection
EndGlobal
